// !$*UTF8*$!
{
	archiveVersion = 1;
	classes = {
	};
	objectVersion = 46;
	objects = {

/* Begin PBXBuildFile section */
		7B70A69B5A60E5BCBA02218B /* Pods_TiempoCanarias.framework in Frameworks */ = {isa = PBXBuildFile; fileRef = FBA75FE8469F4E01CB2EED08 /* Pods_TiempoCanarias.framework */; settings = {ATTRIBUTES = (Weak, ); }; };
		D31C730B1AC9CF9D00371F1E /* AppDelegate.swift in Sources */ = {isa = PBXBuildFile; fileRef = D31C730A1AC9CF9D00371F1E /* AppDelegate.swift */; };
		D31C730D1AC9CF9D00371F1E /* ViewController.swift in Sources */ = {isa = PBXBuildFile; fileRef = D31C730C1AC9CF9D00371F1E /* ViewController.swift */; };
		D31C73101AC9CF9D00371F1E /* Main.storyboard in Resources */ = {isa = PBXBuildFile; fileRef = D31C730E1AC9CF9D00371F1E /* Main.storyboard */; };
		D31C73121AC9CF9D00371F1E /* Images.xcassets in Resources */ = {isa = PBXBuildFile; fileRef = D31C73111AC9CF9D00371F1E /* Images.xcassets */; };
		D31C73151AC9CF9D00371F1E /* LaunchScreen.xib in Resources */ = {isa = PBXBuildFile; fileRef = D31C73131AC9CF9D00371F1E /* LaunchScreen.xib */; };
		D31C73211AC9CF9D00371F1E /* TiempoCanariasTests.swift in Sources */ = {isa = PBXBuildFile; fileRef = D31C73201AC9CF9D00371F1E /* TiempoCanariasTests.swift */; };
		D3232A121ACF0865004DC36D /* fondo1.jpg in Resources */ = {isa = PBXBuildFile; fileRef = D3232A111ACF0865004DC36D /* fondo1.jpg */; };
		D3232A141ACF0FC1004DC36D /* ClimaTabViewController.swift in Sources */ = {isa = PBXBuildFile; fileRef = D3232A131ACF0FC1004DC36D /* ClimaTabViewController.swift */; };
		D3232A201ACF6B1C004DC36D /* SwiftSpinner.swift in Sources */ = {isa = PBXBuildFile; fileRef = D3232A1F1ACF6B1C004DC36D /* SwiftSpinner.swift */; };
		D33EE1A71ACAEB7200DC7E80 /* Crashlytics.framework in Frameworks */ = {isa = PBXBuildFile; fileRef = D33EE1A51ACAEB7200DC7E80 /* Crashlytics.framework */; };
		D33EE1A81ACAEB7200DC7E80 /* Fabric.framework in Frameworks */ = {isa = PBXBuildFile; fileRef = D33EE1A61ACAEB7200DC7E80 /* Fabric.framework */; };
		D33EE1B81ACC35CC00DC7E80 /* ClimaTableViewController.swift in Sources */ = {isa = PBXBuildFile; fileRef = D33EE1B71ACC35CC00DC7E80 /* ClimaTableViewController.swift */; };
		D33EE1BA1ACC36CF00DC7E80 /* ClimaViewController.swift in Sources */ = {isa = PBXBuildFile; fileRef = D33EE1B91ACC36CF00DC7E80 /* ClimaViewController.swift */; };
		D33EE1BD1ACC3A6C00DC7E80 /* Clima.swift in Sources */ = {isa = PBXBuildFile; fileRef = D33EE1BC1ACC3A6C00DC7E80 /* Clima.swift */; };
		D34166B81ACCC02D00833D80 /* ClimaTableViewCell.swift in Sources */ = {isa = PBXBuildFile; fileRef = D34166B71ACCC02D00833D80 /* ClimaTableViewCell.swift */; };
		D34166BA1ACCD02200833D80 /* MapaViewController.swift in Sources */ = {isa = PBXBuildFile; fileRef = D34166B91ACCD02200833D80 /* MapaViewController.swift */; };
		D3438A001ACE06FB006DA17D /* MapKit.framework in Frameworks */ = {isa = PBXBuildFile; fileRef = D34389FF1ACE06FB006DA17D /* MapKit.framework */; };
		D3438A021ACE0F1F006DA17D /* CoreLocation.framework in Frameworks */ = {isa = PBXBuildFile; fileRef = D3438A011ACE0F1F006DA17D /* CoreLocation.framework */; };
		D39FD3B51AD3E25000D3D322 /* Reachability.swift in Sources */ = {isa = PBXBuildFile; fileRef = D39FD3B41AD3E25000D3D322 /* Reachability.swift */; };
		D3C7B0AF1AF13B7C0059BE66 /* PullToRefreshOption.swift in Sources */ = {isa = PBXBuildFile; fileRef = D3C7B0AC1AF13B7C0059BE66 /* PullToRefreshOption.swift */; };
		D3C7B0B01AF13B7C0059BE66 /* PullToRefreshView.swift in Sources */ = {isa = PBXBuildFile; fileRef = D3C7B0AD1AF13B7C0059BE66 /* PullToRefreshView.swift */; };
		D3C7B0B11AF13B7C0059BE66 /* UIScrollViewExtension.swift in Sources */ = {isa = PBXBuildFile; fileRef = D3C7B0AE1AF13B7C0059BE66 /* UIScrollViewExtension.swift */; };
		D3FA48141AD0A89B002CA9CA /* playa.jpg in Resources */ = {isa = PBXBuildFile; fileRef = D3FA48131AD0A89B002CA9CA /* playa.jpg */; };
/* End PBXBuildFile section */

/* Begin PBXContainerItemProxy section */
		D31C731B1AC9CF9D00371F1E /* PBXContainerItemProxy */ = {
			isa = PBXContainerItemProxy;
			containerPortal = D31C72FD1AC9CF9D00371F1E /* Project object */;
			proxyType = 1;
			remoteGlobalIDString = D31C73041AC9CF9D00371F1E;
			remoteInfo = TiempoCanarias;
		};
/* End PBXContainerItemProxy section */

/* Begin PBXFileReference section */
		05CD723BF67ED4E1C6CF4026 /* Pods-TiempoCanarias.debug.xcconfig */ = {isa = PBXFileReference; includeInIndex = 1; lastKnownFileType = text.xcconfig; name = "Pods-TiempoCanarias.debug.xcconfig"; path = "Pods/Target Support Files/Pods-TiempoCanarias/Pods-TiempoCanarias.debug.xcconfig"; sourceTree = "<group>"; };
		270482C6AB9447A36049C7EE /* Pods-TiempoCanarias.release.xcconfig */ = {isa = PBXFileReference; includeInIndex = 1; lastKnownFileType = text.xcconfig; name = "Pods-TiempoCanarias.release.xcconfig"; path = "Pods/Target Support Files/Pods-TiempoCanarias/Pods-TiempoCanarias.release.xcconfig"; sourceTree = "<group>"; };
		D31C73051AC9CF9D00371F1E /* TiempoCanarias.app */ = {isa = PBXFileReference; explicitFileType = wrapper.application; includeInIndex = 0; path = TiempoCanarias.app; sourceTree = BUILT_PRODUCTS_DIR; };
		D31C73091AC9CF9D00371F1E /* Info.plist */ = {isa = PBXFileReference; lastKnownFileType = text.plist.xml; path = Info.plist; sourceTree = "<group>"; };
		D31C730A1AC9CF9D00371F1E /* AppDelegate.swift */ = {isa = PBXFileReference; lastKnownFileType = sourcecode.swift; path = AppDelegate.swift; sourceTree = "<group>"; };
		D31C730C1AC9CF9D00371F1E /* ViewController.swift */ = {isa = PBXFileReference; lastKnownFileType = sourcecode.swift; path = ViewController.swift; sourceTree = "<group>"; };
		D31C730F1AC9CF9D00371F1E /* Base */ = {isa = PBXFileReference; lastKnownFileType = file.storyboard; name = Base; path = Base.lproj/Main.storyboard; sourceTree = "<group>"; };
		D31C73111AC9CF9D00371F1E /* Images.xcassets */ = {isa = PBXFileReference; lastKnownFileType = folder.assetcatalog; path = Images.xcassets; sourceTree = "<group>"; };
		D31C73141AC9CF9D00371F1E /* Base */ = {isa = PBXFileReference; lastKnownFileType = file.xib; name = Base; path = Base.lproj/LaunchScreen.xib; sourceTree = "<group>"; };
		D31C731A1AC9CF9D00371F1E /* TiempoCanariasTests.xctest */ = {isa = PBXFileReference; explicitFileType = wrapper.cfbundle; includeInIndex = 0; path = TiempoCanariasTests.xctest; sourceTree = BUILT_PRODUCTS_DIR; };
		D31C731F1AC9CF9D00371F1E /* Info.plist */ = {isa = PBXFileReference; lastKnownFileType = text.plist.xml; path = Info.plist; sourceTree = "<group>"; };
		D31C73201AC9CF9D00371F1E /* TiempoCanariasTests.swift */ = {isa = PBXFileReference; lastKnownFileType = sourcecode.swift; path = TiempoCanariasTests.swift; sourceTree = "<group>"; };
		D3232A111ACF0865004DC36D /* fondo1.jpg */ = {isa = PBXFileReference; lastKnownFileType = image.jpeg; path = fondo1.jpg; sourceTree = "<group>"; };
		D3232A131ACF0FC1004DC36D /* ClimaTabViewController.swift */ = {isa = PBXFileReference; fileEncoding = 4; lastKnownFileType = sourcecode.swift; path = ClimaTabViewController.swift; sourceTree = "<group>"; };
		D3232A1F1ACF6B1C004DC36D /* SwiftSpinner.swift */ = {isa = PBXFileReference; fileEncoding = 4; lastKnownFileType = sourcecode.swift; path = SwiftSpinner.swift; sourceTree = "<group>"; };
		D33EE1A51ACAEB7200DC7E80 /* Crashlytics.framework */ = {isa = PBXFileReference; lastKnownFileType = wrapper.framework; name = Crashlytics.framework; path = ../Crashlytics.framework; sourceTree = "<group>"; };
		D33EE1A61ACAEB7200DC7E80 /* Fabric.framework */ = {isa = PBXFileReference; lastKnownFileType = wrapper.framework; name = Fabric.framework; path = ../Fabric.framework; sourceTree = "<group>"; };
		D33EE1B71ACC35CC00DC7E80 /* ClimaTableViewController.swift */ = {isa = PBXFileReference; fileEncoding = 4; lastKnownFileType = sourcecode.swift; path = ClimaTableViewController.swift; sourceTree = "<group>"; };
		D33EE1B91ACC36CF00DC7E80 /* ClimaViewController.swift */ = {isa = PBXFileReference; fileEncoding = 4; lastKnownFileType = sourcecode.swift; path = ClimaViewController.swift; sourceTree = "<group>"; };
		D33EE1BC1ACC3A6C00DC7E80 /* Clima.swift */ = {isa = PBXFileReference; fileEncoding = 4; lastKnownFileType = sourcecode.swift; lineEnding = 0; path = Clima.swift; sourceTree = "<group>"; xcLanguageSpecificationIdentifier = xcode.lang.swift; };
		D34166B71ACCC02D00833D80 /* ClimaTableViewCell.swift */ = {isa = PBXFileReference; fileEncoding = 4; lastKnownFileType = sourcecode.swift; path = ClimaTableViewCell.swift; sourceTree = "<group>"; };
		D34166B91ACCD02200833D80 /* MapaViewController.swift */ = {isa = PBXFileReference; fileEncoding = 4; lastKnownFileType = sourcecode.swift; path = MapaViewController.swift; sourceTree = "<group>"; };
		D34389FF1ACE06FB006DA17D /* MapKit.framework */ = {isa = PBXFileReference; lastKnownFileType = wrapper.framework; name = MapKit.framework; path = System/Library/Frameworks/MapKit.framework; sourceTree = SDKROOT; };
		D3438A011ACE0F1F006DA17D /* CoreLocation.framework */ = {isa = PBXFileReference; lastKnownFileType = wrapper.framework; name = CoreLocation.framework; path = System/Library/Frameworks/CoreLocation.framework; sourceTree = SDKROOT; };
		D39FD3B41AD3E25000D3D322 /* Reachability.swift */ = {isa = PBXFileReference; fileEncoding = 4; lastKnownFileType = sourcecode.swift; path = Reachability.swift; sourceTree = "<group>"; };
		D3C7B0AC1AF13B7C0059BE66 /* PullToRefreshOption.swift */ = {isa = PBXFileReference; fileEncoding = 4; lastKnownFileType = sourcecode.swift; path = PullToRefreshOption.swift; sourceTree = "<group>"; };
		D3C7B0AD1AF13B7C0059BE66 /* PullToRefreshView.swift */ = {isa = PBXFileReference; fileEncoding = 4; lastKnownFileType = sourcecode.swift; path = PullToRefreshView.swift; sourceTree = "<group>"; };
		D3C7B0AE1AF13B7C0059BE66 /* UIScrollViewExtension.swift */ = {isa = PBXFileReference; fileEncoding = 4; lastKnownFileType = sourcecode.swift; path = UIScrollViewExtension.swift; sourceTree = "<group>"; };
		D3FA48131AD0A89B002CA9CA /* playa.jpg */ = {isa = PBXFileReference; lastKnownFileType = image.jpeg; path = playa.jpg; sourceTree = "<group>"; };
		FBA75FE8469F4E01CB2EED08 /* Pods_TiempoCanarias.framework */ = {isa = PBXFileReference; explicitFileType = wrapper.framework; includeInIndex = 0; path = Pods_TiempoCanarias.framework; sourceTree = BUILT_PRODUCTS_DIR; };
/* End PBXFileReference section */

/* Begin PBXFrameworksBuildPhase section */
		D31C73021AC9CF9D00371F1E /* Frameworks */ = {
			isa = PBXFrameworksBuildPhase;
			buildActionMask = 2147483647;
			files = (
				D3438A021ACE0F1F006DA17D /* CoreLocation.framework in Frameworks */,
				D3438A001ACE06FB006DA17D /* MapKit.framework in Frameworks */,
				D33EE1A71ACAEB7200DC7E80 /* Crashlytics.framework in Frameworks */,
				D33EE1A81ACAEB7200DC7E80 /* Fabric.framework in Frameworks */,
				7B70A69B5A60E5BCBA02218B /* Pods_TiempoCanarias.framework in Frameworks */,
			);
			runOnlyForDeploymentPostprocessing = 0;
		};
		D31C73171AC9CF9D00371F1E /* Frameworks */ = {
			isa = PBXFrameworksBuildPhase;
			buildActionMask = 2147483647;
			files = (
			);
			runOnlyForDeploymentPostprocessing = 0;
		};
/* End PBXFrameworksBuildPhase section */

/* Begin PBXGroup section */
		342E42C23EA9F4C0CC7F26B1 /* Pods */ = {
			isa = PBXGroup;
			children = (
				05CD723BF67ED4E1C6CF4026 /* Pods-TiempoCanarias.debug.xcconfig */,
				270482C6AB9447A36049C7EE /* Pods-TiempoCanarias.release.xcconfig */,
			);
			name = Pods;
			sourceTree = "<group>";
		};
		874B644C6883832C269EEC2F /* Frameworks */ = {
			isa = PBXGroup;
			children = (
				FBA75FE8469F4E01CB2EED08 /* Pods_TiempoCanarias.framework */,
			);
			name = Frameworks;
			sourceTree = "<group>";
		};
		D31C72FC1AC9CF9D00371F1E = {
			isa = PBXGroup;
			children = (
				D31C73071AC9CF9D00371F1E /* TiempoCanarias */,
				D31C731D1AC9CF9D00371F1E /* TiempoCanariasTests */,
				D31C73061AC9CF9D00371F1E /* Products */,
				342E42C23EA9F4C0CC7F26B1 /* Pods */,
				874B644C6883832C269EEC2F /* Frameworks */,
			);
			sourceTree = "<group>";
		};
		D31C73061AC9CF9D00371F1E /* Products */ = {
			isa = PBXGroup;
			children = (
				D31C73051AC9CF9D00371F1E /* TiempoCanarias.app */,
				D31C731A1AC9CF9D00371F1E /* TiempoCanariasTests.xctest */,
			);
			name = Products;
			sourceTree = "<group>";
		};
		D31C73071AC9CF9D00371F1E /* TiempoCanarias */ = {
			isa = PBXGroup;
			children = (
				D31C730A1AC9CF9D00371F1E /* AppDelegate.swift */,
				D33EE1BB1ACC3A3D00DC7E80 /* Model */,
				D33EE1B31ACB6FC800DC7E80 /* Controllers */,
				D33EE1B41ACB6FED00DC7E80 /* Views */,
				D31C73111AC9CF9D00371F1E /* Images.xcassets */,
				D33EE1B01ACB6DE800DC7E80 /* Frameworks */,
				D31C73081AC9CF9D00371F1E /* Supporting Files */,
			);
			path = TiempoCanarias;
			sourceTree = "<group>";
		};
		D31C73081AC9CF9D00371F1E /* Supporting Files */ = {
			isa = PBXGroup;
			children = (
				D39FD3B41AD3E25000D3D322 /* Reachability.swift */,
				D3232A1E1ACF6B1C004DC36D /* SwiftSpinner */,
				D3232A151ACF6710004DC36D /* PullToRefreshSwift */,
				D31C732A1AC9D0C900371F1E /* img */,
				D31C73091AC9CF9D00371F1E /* Info.plist */,
			);
			name = "Supporting Files";
			sourceTree = "<group>";
		};
		D31C731D1AC9CF9D00371F1E /* TiempoCanariasTests */ = {
			isa = PBXGroup;
			children = (
				D31C73201AC9CF9D00371F1E /* TiempoCanariasTests.swift */,
				D31C731E1AC9CF9D00371F1E /* Supporting Files */,
			);
			path = TiempoCanariasTests;
			sourceTree = "<group>";
		};
		D31C731E1AC9CF9D00371F1E /* Supporting Files */ = {
			isa = PBXGroup;
			children = (
				D31C731F1AC9CF9D00371F1E /* Info.plist */,
			);
			name = "Supporting Files";
			sourceTree = "<group>";
		};
		D31C732A1AC9D0C900371F1E /* img */ = {
			isa = PBXGroup;
			children = (
				D3FA48131AD0A89B002CA9CA /* playa.jpg */,
				D3232A111ACF0865004DC36D /* fondo1.jpg */,
			);
			name = img;
			sourceTree = "<group>";
		};
		D3232A151ACF6710004DC36D /* PullToRefreshSwift */ = {
			isa = PBXGroup;
			children = (
				D3C7B0AC1AF13B7C0059BE66 /* PullToRefreshOption.swift */,
				D3C7B0AD1AF13B7C0059BE66 /* PullToRefreshView.swift */,
				D3C7B0AE1AF13B7C0059BE66 /* UIScrollViewExtension.swift */,
			);
			name = PullToRefreshSwift;
			path = Source;
			sourceTree = "<group>";
		};
		D3232A1E1ACF6B1C004DC36D /* SwiftSpinner */ = {
			isa = PBXGroup;
			children = (
				D3232A1F1ACF6B1C004DC36D /* SwiftSpinner.swift */,
			);
			path = SwiftSpinner;
			sourceTree = "<group>";
		};
		D33EE1B01ACB6DE800DC7E80 /* Frameworks */ = {
			isa = PBXGroup;
			children = (
				D3438A011ACE0F1F006DA17D /* CoreLocation.framework */,
				D34389FF1ACE06FB006DA17D /* MapKit.framework */,
				D33EE1A51ACAEB7200DC7E80 /* Crashlytics.framework */,
				D33EE1A61ACAEB7200DC7E80 /* Fabric.framework */,
			);
			name = Frameworks;
			sourceTree = "<group>";
		};
		D33EE1B31ACB6FC800DC7E80 /* Controllers */ = {
			isa = PBXGroup;
			children = (
				D31C730C1AC9CF9D00371F1E /* ViewController.swift */,
				D33EE1B91ACC36CF00DC7E80 /* ClimaViewController.swift */,
				D33EE1B71ACC35CC00DC7E80 /* ClimaTableViewController.swift */,
				D34166B71ACCC02D00833D80 /* ClimaTableViewCell.swift */,
				D34166B91ACCD02200833D80 /* MapaViewController.swift */,
				D3232A131ACF0FC1004DC36D /* ClimaTabViewController.swift */,
			);
			name = Controllers;
			sourceTree = "<group>";
		};
		D33EE1B41ACB6FED00DC7E80 /* Views */ = {
			isa = PBXGroup;
			children = (
				D31C730E1AC9CF9D00371F1E /* Main.storyboard */,
				D31C73131AC9CF9D00371F1E /* LaunchScreen.xib */,
			);
			name = Views;
			sourceTree = "<group>";
		};
		D33EE1BB1ACC3A3D00DC7E80 /* Model */ = {
			isa = PBXGroup;
			children = (
				D33EE1BC1ACC3A6C00DC7E80 /* Clima.swift */,
			);
			name = Model;
			sourceTree = "<group>";
		};
/* End PBXGroup section */

/* Begin PBXNativeTarget section */
		D31C73041AC9CF9D00371F1E /* TiempoCanarias */ = {
			isa = PBXNativeTarget;
			buildConfigurationList = D31C73241AC9CF9D00371F1E /* Build configuration list for PBXNativeTarget "TiempoCanarias" */;
			buildPhases = (
				F9580B52B883032976FEA5CD /* Check Pods Manifest.lock */,
				D31C73011AC9CF9D00371F1E /* Sources */,
				D31C73021AC9CF9D00371F1E /* Frameworks */,
				D31C73031AC9CF9D00371F1E /* Resources */,
				D33EE1A41ACAEB1D00DC7E80 /* ShellScript */,
				7EF3B8C1E330661A914011AD /* Embed Pods Frameworks */,
				8C6432AFE502EDFBAA90BEAC /* Copy Pods Resources */,
			);
			buildRules = (
			);
			dependencies = (
			);
			name = TiempoCanarias;
			productName = TiempoCanarias;
			productReference = D31C73051AC9CF9D00371F1E /* TiempoCanarias.app */;
			productType = "com.apple.product-type.application";
		};
		D31C73191AC9CF9D00371F1E /* TiempoCanariasTests */ = {
			isa = PBXNativeTarget;
			buildConfigurationList = D31C73271AC9CF9D00371F1E /* Build configuration list for PBXNativeTarget "TiempoCanariasTests" */;
			buildPhases = (
				D31C73161AC9CF9D00371F1E /* Sources */,
				D31C73171AC9CF9D00371F1E /* Frameworks */,
				D31C73181AC9CF9D00371F1E /* Resources */,
			);
			buildRules = (
			);
			dependencies = (
				D31C731C1AC9CF9D00371F1E /* PBXTargetDependency */,
			);
			name = TiempoCanariasTests;
			productName = TiempoCanariasTests;
			productReference = D31C731A1AC9CF9D00371F1E /* TiempoCanariasTests.xctest */;
			productType = "com.apple.product-type.bundle.unit-test";
		};
/* End PBXNativeTarget section */

/* Begin PBXProject section */
		D31C72FD1AC9CF9D00371F1E /* Project object */ = {
			isa = PBXProject;
			attributes = {
				LastUpgradeCheck = 0620;
				ORGANIZATIONNAME = "Alberto Mendoza";
				TargetAttributes = {
					D31C73041AC9CF9D00371F1E = {
						CreatedOnToolsVersion = 6.2;
					};
					D31C73191AC9CF9D00371F1E = {
						CreatedOnToolsVersion = 6.2;
						TestTargetID = D31C73041AC9CF9D00371F1E;
					};
				};
			};
			buildConfigurationList = D31C73001AC9CF9D00371F1E /* Build configuration list for PBXProject "TiempoCanarias" */;
			compatibilityVersion = "Xcode 3.2";
			developmentRegion = English;
			hasScannedForEncodings = 0;
			knownRegions = (
				en,
				Base,
			);
			mainGroup = D31C72FC1AC9CF9D00371F1E;
			productRefGroup = D31C73061AC9CF9D00371F1E /* Products */;
			projectDirPath = "";
			projectRoot = "";
			targets = (
				D31C73041AC9CF9D00371F1E /* TiempoCanarias */,
				D31C73191AC9CF9D00371F1E /* TiempoCanariasTests */,
			);
		};
/* End PBXProject section */

/* Begin PBXResourcesBuildPhase section */
		D31C73031AC9CF9D00371F1E /* Resources */ = {
			isa = PBXResourcesBuildPhase;
			buildActionMask = 2147483647;
			files = (
				D3232A121ACF0865004DC36D /* fondo1.jpg in Resources */,
				D31C73101AC9CF9D00371F1E /* Main.storyboard in Resources */,
				D31C73151AC9CF9D00371F1E /* LaunchScreen.xib in Resources */,
				D31C73121AC9CF9D00371F1E /* Images.xcassets in Resources */,
				D3FA48141AD0A89B002CA9CA /* playa.jpg in Resources */,
			);
			runOnlyForDeploymentPostprocessing = 0;
		};
		D31C73181AC9CF9D00371F1E /* Resources */ = {
			isa = PBXResourcesBuildPhase;
			buildActionMask = 2147483647;
			files = (
			);
			runOnlyForDeploymentPostprocessing = 0;
		};
/* End PBXResourcesBuildPhase section */

/* Begin PBXShellScriptBuildPhase section */
		7EF3B8C1E330661A914011AD /* Embed Pods Frameworks */ = {
			isa = PBXShellScriptBuildPhase;
			buildActionMask = 2147483647;
			files = (
			);
			inputPaths = (
			);
			name = "Embed Pods Frameworks";
			outputPaths = (
			);
			runOnlyForDeploymentPostprocessing = 0;
			shellPath = /bin/sh;
			shellScript = "\"${SRCROOT}/Pods/Target Support Files/Pods-TiempoCanarias/Pods-TiempoCanarias-frameworks.sh\"\n";
			showEnvVarsInLog = 0;
		};
		8C6432AFE502EDFBAA90BEAC /* Copy Pods Resources */ = {
			isa = PBXShellScriptBuildPhase;
			buildActionMask = 2147483647;
			files = (
			);
			inputPaths = (
			);
			name = "Copy Pods Resources";
			outputPaths = (
			);
			runOnlyForDeploymentPostprocessing = 0;
			shellPath = /bin/sh;
			shellScript = "\"${SRCROOT}/Pods/Target Support Files/Pods-TiempoCanarias/Pods-TiempoCanarias-resources.sh\"\n";
			showEnvVarsInLog = 0;
		};
		D33EE1A41ACAEB1D00DC7E80 /* ShellScript */ = {
			isa = PBXShellScriptBuildPhase;
			buildActionMask = 2147483647;
			files = (
			);
			inputPaths = (
			);
			outputPaths = (
			);
			runOnlyForDeploymentPostprocessing = 0;
			shellPath = /bin/sh;
			shellScript = "./Fabric.framework/run 977a384cbc37ca03b665b433f91e0364f3834f3f 28251e866c714c83096537542bcd7200024a3b582bd517d7e15c93f35561f593";
		};
		F9580B52B883032976FEA5CD /* Check Pods Manifest.lock */ = {
			isa = PBXShellScriptBuildPhase;
			buildActionMask = 2147483647;
			files = (
			);
			inputPaths = (
			);
			name = "Check Pods Manifest.lock";
			outputPaths = (
			);
			runOnlyForDeploymentPostprocessing = 0;
			shellPath = /bin/sh;
			shellScript = "diff \"${PODS_ROOT}/../Podfile.lock\" \"${PODS_ROOT}/Manifest.lock\" > /dev/null\nif [[ $? != 0 ]] ; then\n    cat << EOM\nerror: The sandbox is not in sync with the Podfile.lock. Run 'pod install' or update your CocoaPods installation.\nEOM\n    exit 1\nfi\n";
			showEnvVarsInLog = 0;
		};
/* End PBXShellScriptBuildPhase section */

/* Begin PBXSourcesBuildPhase section */
		D31C73011AC9CF9D00371F1E /* Sources */ = {
			isa = PBXSourcesBuildPhase;
			buildActionMask = 2147483647;
			files = (
				D34166B81ACCC02D00833D80 /* ClimaTableViewCell.swift in Sources */,
				D33EE1BD1ACC3A6C00DC7E80 /* Clima.swift in Sources */,
				D3C7B0AF1AF13B7C0059BE66 /* PullToRefreshOption.swift in Sources */,
				D31C730D1AC9CF9D00371F1E /* ViewController.swift in Sources */,
				D3232A201ACF6B1C004DC36D /* SwiftSpinner.swift in Sources */,
				D3232A141ACF0FC1004DC36D /* ClimaTabViewController.swift in Sources */,
				D33EE1BA1ACC36CF00DC7E80 /* ClimaViewController.swift in Sources */,
				D34166BA1ACCD02200833D80 /* MapaViewController.swift in Sources */,
				D3C7B0B01AF13B7C0059BE66 /* PullToRefreshView.swift in Sources */,
				D31C730B1AC9CF9D00371F1E /* AppDelegate.swift in Sources */,
				D3C7B0B11AF13B7C0059BE66 /* UIScrollViewExtension.swift in Sources */,
				D33EE1B81ACC35CC00DC7E80 /* ClimaTableViewController.swift in Sources */,
				D39FD3B51AD3E25000D3D322 /* Reachability.swift in Sources */,
			);
			runOnlyForDeploymentPostprocessing = 0;
		};
		D31C73161AC9CF9D00371F1E /* Sources */ = {
			isa = PBXSourcesBuildPhase;
			buildActionMask = 2147483647;
			files = (
				D31C73211AC9CF9D00371F1E /* TiempoCanariasTests.swift in Sources */,
			);
			runOnlyForDeploymentPostprocessing = 0;
		};
/* End PBXSourcesBuildPhase section */

/* Begin PBXTargetDependency section */
		D31C731C1AC9CF9D00371F1E /* PBXTargetDependency */ = {
			isa = PBXTargetDependency;
			target = D31C73041AC9CF9D00371F1E /* TiempoCanarias */;
			targetProxy = D31C731B1AC9CF9D00371F1E /* PBXContainerItemProxy */;
		};
/* End PBXTargetDependency section */

/* Begin PBXVariantGroup section */
		D31C730E1AC9CF9D00371F1E /* Main.storyboard */ = {
			isa = PBXVariantGroup;
			children = (
				D31C730F1AC9CF9D00371F1E /* Base */,
			);
			name = Main.storyboard;
			sourceTree = "<group>";
		};
		D31C73131AC9CF9D00371F1E /* LaunchScreen.xib */ = {
			isa = PBXVariantGroup;
			children = (
				D31C73141AC9CF9D00371F1E /* Base */,
			);
			name = LaunchScreen.xib;
			sourceTree = "<group>";
		};
/* End PBXVariantGroup section */

/* Begin XCBuildConfiguration section */
		D31C73221AC9CF9D00371F1E /* Debug */ = {
			isa = XCBuildConfiguration;
			buildSettings = {
				ALWAYS_SEARCH_USER_PATHS = NO;
				CLANG_CXX_LANGUAGE_STANDARD = "gnu++0x";
				CLANG_CXX_LIBRARY = "libc++";
				CLANG_ENABLE_MODULES = YES;
				CLANG_ENABLE_OBJC_ARC = YES;
				CLANG_WARN_BOOL_CONVERSION = YES;
				CLANG_WARN_CONSTANT_CONVERSION = YES;
				CLANG_WARN_DIRECT_OBJC_ISA_USAGE = YES_ERROR;
				CLANG_WARN_EMPTY_BODY = YES;
				CLANG_WARN_ENUM_CONVERSION = YES;
				CLANG_WARN_INT_CONVERSION = YES;
				CLANG_WARN_OBJC_ROOT_CLASS = YES_ERROR;
				CLANG_WARN_UNREACHABLE_CODE = YES;
				CLANG_WARN__DUPLICATE_METHOD_MATCH = YES;
				"CODE_SIGN_IDENTITY[sdk=iphoneos*]" = "iPhone Developer";
				COPY_PHASE_STRIP = NO;
				ENABLE_STRICT_OBJC_MSGSEND = YES;
				GCC_C_LANGUAGE_STANDARD = gnu99;
				GCC_DYNAMIC_NO_PIC = NO;
				GCC_OPTIMIZATION_LEVEL = 0;
				GCC_PREPROCESSOR_DEFINITIONS = (
					"DEBUG=1",
					"$(inherited)",
				);
				GCC_SYMBOLS_PRIVATE_EXTERN = NO;
				GCC_WARN_64_TO_32_BIT_CONVERSION = YES;
				GCC_WARN_ABOUT_RETURN_TYPE = YES_ERROR;
				GCC_WARN_UNDECLARED_SELECTOR = YES;
				GCC_WARN_UNINITIALIZED_AUTOS = YES_AGGRESSIVE;
				GCC_WARN_UNUSED_FUNCTION = YES;
				GCC_WARN_UNUSED_VARIABLE = YES;
				IPHONEOS_DEPLOYMENT_TARGET = 8.2;
				MTL_ENABLE_DEBUG_INFO = YES;
				ONLY_ACTIVE_ARCH = YES;
				SDKROOT = iphoneos;
				SWIFT_OPTIMIZATION_LEVEL = "-Onone";
			};
			name = Debug;
		};
		D31C73231AC9CF9D00371F1E /* Release */ = {
			isa = XCBuildConfiguration;
			buildSettings = {
				ALWAYS_SEARCH_USER_PATHS = NO;
				CLANG_CXX_LANGUAGE_STANDARD = "gnu++0x";
				CLANG_CXX_LIBRARY = "libc++";
				CLANG_ENABLE_MODULES = YES;
				CLANG_ENABLE_OBJC_ARC = YES;
				CLANG_WARN_BOOL_CONVERSION = YES;
				CLANG_WARN_CONSTANT_CONVERSION = YES;
				CLANG_WARN_DIRECT_OBJC_ISA_USAGE = YES_ERROR;
				CLANG_WARN_EMPTY_BODY = YES;
				CLANG_WARN_ENUM_CONVERSION = YES;
				CLANG_WARN_INT_CONVERSION = YES;
				CLANG_WARN_OBJC_ROOT_CLASS = YES_ERROR;
				CLANG_WARN_UNREACHABLE_CODE = YES;
				CLANG_WARN__DUPLICATE_METHOD_MATCH = YES;
				"CODE_SIGN_IDENTITY[sdk=iphoneos*]" = "iPhone Developer";
				COPY_PHASE_STRIP = NO;
				ENABLE_NS_ASSERTIONS = NO;
				ENABLE_STRICT_OBJC_MSGSEND = YES;
				GCC_C_LANGUAGE_STANDARD = gnu99;
				GCC_WARN_64_TO_32_BIT_CONVERSION = YES;
				GCC_WARN_ABOUT_RETURN_TYPE = YES_ERROR;
				GCC_WARN_UNDECLARED_SELECTOR = YES;
				GCC_WARN_UNINITIALIZED_AUTOS = YES_AGGRESSIVE;
				GCC_WARN_UNUSED_FUNCTION = YES;
				GCC_WARN_UNUSED_VARIABLE = YES;
				IPHONEOS_DEPLOYMENT_TARGET = 8.2;
				MTL_ENABLE_DEBUG_INFO = NO;
				SDKROOT = iphoneos;
				VALIDATE_PRODUCT = YES;
			};
			name = Release;
		};
		D31C73251AC9CF9D00371F1E /* Debug */ = {
			isa = XCBuildConfiguration;
			baseConfigurationReference = 05CD723BF67ED4E1C6CF4026 /* Pods-TiempoCanarias.debug.xcconfig */;
			buildSettings = {
				ASSETCATALOG_COMPILER_APPICON_NAME = AppIcon;
				FRAMEWORK_SEARCH_PATHS = (
					"$(inherited)",
					"$(PROJECT_DIR)",
				);
				INFOPLIST_FILE = TiempoCanarias/Info.plist;
				LD_RUNPATH_SEARCH_PATHS = "$(inherited) @executable_path/Frameworks";
				PRODUCT_NAME = "$(TARGET_NAME)";
			};
			name = Debug;
		};
		D31C73261AC9CF9D00371F1E /* Release */ = {
			isa = XCBuildConfiguration;
			baseConfigurationReference = 270482C6AB9447A36049C7EE /* Pods-TiempoCanarias.release.xcconfig */;
			buildSettings = {
				ASSETCATALOG_COMPILER_APPICON_NAME = AppIcon;
				FRAMEWORK_SEARCH_PATHS = (
					"$(inherited)",
					"$(PROJECT_DIR)",
				);
				INFOPLIST_FILE = TiempoCanarias/Info.plist;
				LD_RUNPATH_SEARCH_PATHS = "$(inherited) @executable_path/Frameworks";
				PRODUCT_NAME = "$(TARGET_NAME)";
			};
			name = Release;
		};
		D31C73281AC9CF9D00371F1E /* Debug */ = {
			isa = XCBuildConfiguration;
			buildSettings = {
				BUNDLE_LOADER = "$(TEST_HOST)";
				FRAMEWORK_SEARCH_PATHS = (
					"$(SDKROOT)/Developer/Library/Frameworks",
					"$(inherited)",
				);
				GCC_PREPROCESSOR_DEFINITIONS = (
					"DEBUG=1",
					"$(inherited)",
				);
				INFOPLIST_FILE = TiempoCanariasTests/Info.plist;
				LD_RUNPATH_SEARCH_PATHS = "$(inherited) @executable_path/Frameworks @loader_path/Frameworks";
				PRODUCT_NAME = "$(TARGET_NAME)";
				TEST_HOST = "$(BUILT_PRODUCTS_DIR)/TiempoCanarias.app/TiempoCanarias";
			};
			name = Debug;
		};
		D31C73291AC9CF9D00371F1E /* Release */ = {
			isa = XCBuildConfiguration;
			buildSettings = {
				BUNDLE_LOADER = "$(TEST_HOST)";
				FRAMEWORK_SEARCH_PATHS = (
					"$(SDKROOT)/Developer/Library/Frameworks",
					"$(inherited)",
				);
				INFOPLIST_FILE = TiempoCanariasTests/Info.plist;
				LD_RUNPATH_SEARCH_PATHS = "$(inherited) @executable_path/Frameworks @loader_path/Frameworks";
				PRODUCT_NAME = "$(TARGET_NAME)";
				TEST_HOST = "$(BUILT_PRODUCTS_DIR)/TiempoCanarias.app/TiempoCanarias";
			};
			name = Release;
		};
/* End XCBuildConfiguration section */

/* Begin XCConfigurationList section */
		D31C73001AC9CF9D00371F1E /* Build configuration list for PBXProject "TiempoCanarias" */ = {
			isa = XCConfigurationList;
			buildConfigurations = (
				D31C73221AC9CF9D00371F1E /* Debug */,
				D31C73231AC9CF9D00371F1E /* Release */,
			);
			defaultConfigurationIsVisible = 0;
			defaultConfigurationName = Release;
		};
		D31C73241AC9CF9D00371F1E /* Build configuration list for PBXNativeTarget "TiempoCanarias" */ = {
			isa = XCConfigurationList;
			buildConfigurations = (
				D31C73251AC9CF9D00371F1E /* Debug */,
				D31C73261AC9CF9D00371F1E /* Release */,
			);
			defaultConfigurationIsVisible = 0;
			defaultConfigurationName = Release;
		};
		D31C73271AC9CF9D00371F1E /* Build configuration list for PBXNativeTarget "TiempoCanariasTests" */ = {
			isa = XCConfigurationList;
			buildConfigurations = (
				D31C73281AC9CF9D00371F1E /* Debug */,
				D31C73291AC9CF9D00371F1E /* Release */,
			);
			defaultConfigurationIsVisible = 0;
			defaultConfigurationName = Release;
		};
/* End XCConfigurationList section */
	};
	rootObject = D31C72FD1AC9CF9D00371F1E /* Project object */;
}
